<?xml version="1.0" encoding="utf-8"?>
<Project ToolsVersion="4.0" xmlns="http://schemas.microsoft.com/developer/msbuild/2003">
  <ItemGroup>
    <Filter Include="Source Files">
      <UniqueIdentifier>{4FC737F1-C7A5-4376-A066-2A32D752A2FF}</UniqueIdentifier>
      <Extensions>cpp;c;cc;cxx;def;odl;idl;hpj;bat;asm;asmx</Extensions>
    </Filter>
    <Filter Include="Header Files">
      <UniqueIdentifier>{93995380-89BD-4b04-88EB-625FBE52EBFB}</UniqueIdentifier>
      <Extensions>h;hh;hpp;hxx;hm;inl;inc;ipp;xsd</Extensions>
    </Filter>
    <Filter Include="Resource Files">
      <UniqueIdentifier>{67DA6AB6-F800-4c08-8B7A-83BB121AAD01}</UniqueIdentifier>
      <Extensions>rc;ico;cur;bmp;dlg;rc2;rct;bin;rgs;gif;jpg;jpeg;jpe;resx;tiff;tif;png;wav;mfcribbon-ms</Extensions>
    </Filter>
    <Filter Include="GameCore">
      <UniqueIdentifier>{cd428e34-8813-4847-80f7-6d77287053d0}</UniqueIdentifier>
    </Filter>
    <Filter Include="GameCore\Headers">
      <UniqueIdentifier>{f9ecce0c-e773-4107-8b42-f8f971ba7122}</UniqueIdentifier>
    </Filter>
    <Filter Include="GameCore\Source">
      <UniqueIdentifier>{2c46f81a-cdd4-4137-be9d-4cd4566ea1ac}</UniqueIdentifier>
    </Filter>
    <Filter Include="Your">
      <UniqueIdentifier>{ca2f693d-b645-4b91-a96d-27545b22c981}</UniqueIdentifier>
    </Filter>
    <Filter Include="Util">
      <UniqueIdentifier>{c3b0a2f6-a138-4655-8207-0b817ff09228}</UniqueIdentifier>
    </Filter>
  </ItemGroup>
  <ItemGroup>
    <ClInclude Include="GameCore\DeltaTime.h">
      <Filter>GameCore\Headers</Filter>
    </ClInclude>
    <ClInclude Include="GameCore\FPScounter.h">
      <Filter>GameCore\Headers</Filter>
    </ClInclude>
    <ClInclude Include="GameCore\GameMain.h">
      <Filter>GameCore\Headers</Filter>
    </ClInclude>
    <ClInclude Include="GameCore\Input.h">
      <Filter>GameCore\Headers</Filter>
    </ClInclude>
    <ClInclude Include="GameCore\Ticks.h">
      <Filter>GameCore\Headers</Filter>
    </ClInclude>
    <ClInclude Include="Your\YourGame.h">
      <Filter>Your</Filter>
    </ClInclude>
    <ClInclude Include="Utility\Random.h">
      <Filter>Util</Filter>
    </ClInclude>
  </ItemGroup>
  <ItemGroup>
    <ClCompile Include="Main.cpp">
      <Filter>Source Files</Filter>
    </ClCompile>
    <ClCompile Include="GameCore\DeltaTime.cpp">
      <Filter>GameCore\Source</Filter>
    </ClCompile>
    <ClCompile Include="GameCore\FPScounter.cpp">
      <Filter>GameCore\Source</Filter>
    </ClCompile>
    <ClCompile Include="GameCore\GameMain.cpp">
      <Filter>GameCore\Source</Filter>
    </ClCompile>
    <ClCompile Include="GameCore\Input.cpp">
      <Filter>GameCore\Source</Filter>
    </ClCompile>
    <ClCompile Include="GameCore\Ticks.cpp">
      <Filter>GameCore\Source</Filter>
    </ClCompile>
    <ClCompile Include="Your\YourGame.cpp">
      <Filter>Your</Filter>
    </ClCompile>
    <ClCompile Include="Utility\Random.cpp">
      <Filter>Util</Filter>
    </ClCompile>
  </ItemGroup>
</Project>